
Microsoft Visual Studio Solution File, Format Version 12.00
# Visual Studio Version 17
VisualStudioVersion = 17.5.002.0
MinimumVisualStudioVersion = 10.0.40219.1
Project("{9A19103F-16F7-4668-BE54-9A1E7A4F7556}") = "Prep5", "Prep5.csproj", "{C0BFCEBA-E0B8-40F9-8486-D4A8BDBA1131}"
EndProject
Global
	GlobalSection(SolutionConfigurationPlatforms) = preSolution
		Debug|Any CPU = Debug|Any CPU
		Release|Any CPU = Release|Any CPU
	EndGlobalSection
	GlobalSection(ProjectConfigurationPlatforms) = postSolution
		{C0BFCEBA-E0B8-40F9-8486-D4A8BDBA1131}.Debug|Any CPU.ActiveCfg = Debug|Any CPU
		{C0BFCEBA-E0B8-40F9-8486-D4A8BDBA1131}.Debug|Any CPU.Build.0 = Debug|Any CPU
		{C0BFCEBA-E0B8-40F9-8486-D4A8BDBA1131}.Release|Any CPU.ActiveCfg = Release|Any CPU
		{C0BFCEBA-E0B8-40F9-8486-D4A8BDBA1131}.Release|Any CPU.Build.0 = Release|Any CPU
	EndGlobalSection
	GlobalSection(SolutionProperties) = preSolution
		HideSolutionNode = FALSE
	EndGlobalSection
	GlobalSection(ExtensibilityGlobals) = postSolution
		SolutionGuid = {339A80CC-C154-4237-BB13-3563EDF65301}
	EndGlobalSection
EndGlobal
